
Microsoft Visual Studio Solution File, Format Version 12.00
# Visual Studio Version 17
VisualStudioVersion = 17.5.002.0
MinimumVisualStudioVersion = 10.0.40219.1
Project("{9A19103F-16F7-4668-BE54-9A1E7A4F7556}") = "Tic-Tac-Toe.Main", "Tic-Tac-Toe.Main\Tic-Tac-Toe.Main.csproj", "{340EC0F1-05D0-46B9-8B09-99187DA2882B}"
EndProject
Project("{9A19103F-16F7-4668-BE54-9A1E7A4F7556}") = "Tic-Tac-Toe.UI", "Tic-Tac-Toe.UI\Tic-Tac-Toe.UI.csproj", "{59619454-B4BA-47F5-87B0-E3A953DC6B85}"
EndProject
Global
	GlobalSection(SolutionConfigurationPlatforms) = preSolution
		Debug|Any CPU = Debug|Any CPU
		Release|Any CPU = Release|Any CPU
	EndGlobalSection
	GlobalSection(ProjectConfigurationPlatforms) = postSolution
		{340EC0F1-05D0-46B9-8B09-99187DA2882B}.Debug|Any CPU.ActiveCfg = Debug|Any CPU
		{340EC0F1-05D0-46B9-8B09-99187DA2882B}.Debug|Any CPU.Build.0 = Debug|Any CPU
		{340EC0F1-05D0-46B9-8B09-99187DA2882B}.Release|Any CPU.ActiveCfg = Release|Any CPU
		{340EC0F1-05D0-46B9-8B09-99187DA2882B}.Release|Any CPU.Build.0 = Release|Any CPU
		{59619454-B4BA-47F5-87B0-E3A953DC6B85}.Debug|Any CPU.ActiveCfg = Debug|Any CPU
		{59619454-B4BA-47F5-87B0-E3A953DC6B85}.Debug|Any CPU.Build.0 = Debug|Any CPU
		{59619454-B4BA-47F5-87B0-E3A953DC6B85}.Release|Any CPU.ActiveCfg = Release|Any CPU
		{59619454-B4BA-47F5-87B0-E3A953DC6B85}.Release|Any CPU.Build.0 = Release|Any CPU
	EndGlobalSection
	GlobalSection(SolutionProperties) = preSolution
		HideSolutionNode = FALSE
	EndGlobalSection
	GlobalSection(ExtensibilityGlobals) = postSolution
		SolutionGuid = {664F2D90-A6A2-49D6-AD1B-D52E728FA507}
	EndGlobalSection
EndGlobal
